
Microsoft Visual Studio Solution File, Format Version 12.00
# Visual Studio Version 16
VisualStudioVersion = 16.0.29009.5
MinimumVisualStudioVersion = 10.0.40219.1
Project("{8BC9CEB8-8B4A-11D0-8D11-00A0C91BC942}") = "GOD", "GOD.vcxproj", "{6726E673-1283-4004-842C-A36B6F162E98}"
EndProject
Global
	GlobalSection(SolutionConfigurationPlatforms) = preSolution
		Debug|x64 = Debug|x64
		Debug|x86 = Debug|x86
		Release|x64 = Release|x64
		Release|x86 = Release|x86
	EndGlobalSection
	GlobalSection(ProjectConfigurationPlatforms) = postSolution
		{6726E673-1283-4004-842C-A36B6F162E98}.Debug|x64.ActiveCfg = Debug|x64
		{6726E673-1283-4004-842C-A36B6F162E98}.Debug|x64.Build.0 = Debug|x64
		{6726E673-1283-4004-842C-A36B6F162E98}.Debug|x86.ActiveCfg = Debug|Win32
		{6726E673-1283-4004-842C-A36B6F162E98}.Debug|x86.Build.0 = Debug|Win32
		{6726E673-1283-4004-842C-A36B6F162E98}.Release|x64.ActiveCfg = Release|x64
		{6726E673-1283-4004-842C-A36B6F162E98}.Release|x64.Build.0 = Release|x64
		{6726E673-1283-4004-842C-A36B6F162E98}.Release|x86.ActiveCfg = Release|Win32
		{6726E673-1283-4004-842C-A36B6F162E98}.Release|x86.Build.0 = Release|Win32
	EndGlobalSection
	GlobalSection(SolutionProperties) = preSolution
		HideSolutionNode = FALSE
	EndGlobalSection
	GlobalSection(ExtensibilityGlobals) = postSolution
		SolutionGuid = {07285F86-423F-400F-87C2-614EB2B38E8C}
	EndGlobalSection
EndGlobal
